// !$*UTF8*$!
{
	archiveVersion = 1;
	classes = {
	};
	objectVersion = 50;
	objects = {

/* Begin PBXBuildFile section */
		1D0339A2228D815900B78EEA /* GameLoopHandler.swift in Sources */ = {isa = PBXBuildFile; fileRef = 1D0339A1228D815900B78EEA /* GameLoopHandler.swift */; };
		1D17992C2296760F00FC04F3 /* APODApi.swift in Sources */ = {isa = PBXBuildFile; fileRef = 1D17992B2296760F00FC04F3 /* APODApi.swift */; };
		1D17992E229677DF00FC04F3 /* APODPicture.swift in Sources */ = {isa = PBXBuildFile; fileRef = 1D17992D229677DF00FC04F3 /* APODPicture.swift */; };
		1D1799302296886D00FC04F3 /* Result.swift in Sources */ = {isa = PBXBuildFile; fileRef = 1D17992F2296886D00FC04F3 /* Result.swift */; };
		B20E596C227C3A8F00D53AA7 /* AppDelegate.swift in Sources */ = {isa = PBXBuildFile; fileRef = B20E596B227C3A8F00D53AA7 /* AppDelegate.swift */; };
		B20E5971227C3A8F00D53AA7 /* Main.storyboard in Resources */ = {isa = PBXBuildFile; fileRef = B20E596F227C3A8F00D53AA7 /* Main.storyboard */; };
		B20E5973227C3A9000D53AA7 /* Assets.xcassets in Resources */ = {isa = PBXBuildFile; fileRef = B20E5972227C3A9000D53AA7 /* Assets.xcassets */; };
		B20E5976227C3A9000D53AA7 /* LaunchScreen.storyboard in Resources */ = {isa = PBXBuildFile; fileRef = B20E5974227C3A9000D53AA7 /* LaunchScreen.storyboard */; };
		B20E5980227C3B8B00D53AA7 /* MainScreenController.swift in Sources */ = {isa = PBXBuildFile; fileRef = B20E597F227C3B8B00D53AA7 /* MainScreenController.swift */; };
		B20E5982227C4F5D00D53AA7 /* CanvasView.swift in Sources */ = {isa = PBXBuildFile; fileRef = B20E5981227C4F5D00D53AA7 /* CanvasView.swift */; };
		B21593682292D58800C101CB /* ItemCollectionViewCell.swift in Sources */ = {isa = PBXBuildFile; fileRef = B21593672292D58800C101CB /* ItemCollectionViewCell.swift */; };
		B21E3E9022859D50006E7B78 /* AudioScreenController.swift in Sources */ = {isa = PBXBuildFile; fileRef = B21E3E8F22859D50006E7B78 /* AudioScreenController.swift */; };
		B239F91D227EBCCA004EF513 /* Pencil.swift in Sources */ = {isa = PBXBuildFile; fileRef = B239F91C227EBCCA004EF513 /* Pencil.swift */; };
		B239F91F227EC86D004EF513 /* StrokeSelectorView.swift in Sources */ = {isa = PBXBuildFile; fileRef = B239F91E227EC86D004EF513 /* StrokeSelectorView.swift */; };
		B25A09B7227D98C200E41356 /* ColorSelectorViewController.swift in Sources */ = {isa = PBXBuildFile; fileRef = B25A09B6227D98C200E41356 /* ColorSelectorViewController.swift */; };
		B26C4D16229693ED00DB5132 /* Picture+CoreDataClass.swift in Sources */ = {isa = PBXBuildFile; fileRef = B26C4D14229693ED00DB5132 /* Picture+CoreDataClass.swift */; };
		B26C4D17229693ED00DB5132 /* Picture+CoreDataProperties.swift in Sources */ = {isa = PBXBuildFile; fileRef = B26C4D15229693ED00DB5132 /* Picture+CoreDataProperties.swift */; };
		B28CD9DB228EE54600FBD512 /* ListAnimationsVC.swift in Sources */ = {isa = PBXBuildFile; fileRef = B28CD9DA228EE54600FBD512 /* ListAnimationsVC.swift */; };
		B28CD9DD228EEF2800FBD512 /* ListAnimationCollectionView.swift in Sources */ = {isa = PBXBuildFile; fileRef = B28CD9DC228EEF2800FBD512 /* ListAnimationCollectionView.swift */; };
		B2CE74AC22957AFD0085FF2E /* AstronomyPictures.xcdatamodeld in Sources */ = {isa = PBXBuildFile; fileRef = B2CE74A922957AAD0085FF2E /* AstronomyPictures.xcdatamodeld */; };
		B2CE74B222957D790085FF2E /* NetworkUtils.swift in Sources */ = {isa = PBXBuildFile; fileRef = B2CE74B122957D790085FF2E /* NetworkUtils.swift */; };
		B2CE74B4229583840085FF2E /* PicturesViewModel.swift in Sources */ = {isa = PBXBuildFile; fileRef = B2CE74B3229583840085FF2E /* PicturesViewModel.swift */; };
		B2CE74BE22966D590085FF2E /* PicturesModel.swift in Sources */ = {isa = PBXBuildFile; fileRef = B2CE74BD22966D590085FF2E /* PicturesModel.swift */; };
		B2D54C79228AD162004E0AB0 /* GameLoopVC.swift in Sources */ = {isa = PBXBuildFile; fileRef = B2D54C78228AD162004E0AB0 /* GameLoopVC.swift */; };
		D0ACED3ECD46DA0D0BA0D164 /* Pods_DrawingApp.framework in Frameworks */ = {isa = PBXBuildFile; fileRef = 291572A784B85D5D79DB2C0A /* Pods_DrawingApp.framework */; };
/* End PBXBuildFile section */

/* Begin PBXFileReference section */
		1D0339A1228D815900B78EEA /* GameLoopHandler.swift */ = {isa = PBXFileReference; lastKnownFileType = sourcecode.swift; path = GameLoopHandler.swift; sourceTree = "<group>"; };
		1D17992B2296760F00FC04F3 /* APODApi.swift */ = {isa = PBXFileReference; lastKnownFileType = sourcecode.swift; path = APODApi.swift; sourceTree = "<group>"; };
		1D17992D229677DF00FC04F3 /* APODPicture.swift */ = {isa = PBXFileReference; lastKnownFileType = sourcecode.swift; path = APODPicture.swift; sourceTree = "<group>"; };
		1D17992F2296886D00FC04F3 /* Result.swift */ = {isa = PBXFileReference; lastKnownFileType = sourcecode.swift; path = Result.swift; sourceTree = "<group>"; };
		291572A784B85D5D79DB2C0A /* Pods_DrawingApp.framework */ = {isa = PBXFileReference; explicitFileType = wrapper.framework; includeInIndex = 0; path = Pods_DrawingApp.framework; sourceTree = BUILT_PRODUCTS_DIR; };
		464FD1E8AC14D9575D045D11 /* Pods-DrawingApp.release.xcconfig */ = {isa = PBXFileReference; includeInIndex = 1; lastKnownFileType = text.xcconfig; name = "Pods-DrawingApp.release.xcconfig"; path = "Target Support Files/Pods-DrawingApp/Pods-DrawingApp.release.xcconfig"; sourceTree = "<group>"; };
		AA62787271DBE5C46EBC64C4 /* Pods-DrawingApp.debug.xcconfig */ = {isa = PBXFileReference; includeInIndex = 1; lastKnownFileType = text.xcconfig; name = "Pods-DrawingApp.debug.xcconfig"; path = "Target Support Files/Pods-DrawingApp/Pods-DrawingApp.debug.xcconfig"; sourceTree = "<group>"; };
		B20E5968227C3A8F00D53AA7 /* DrawingApp.app */ = {isa = PBXFileReference; explicitFileType = wrapper.application; includeInIndex = 0; path = DrawingApp.app; sourceTree = BUILT_PRODUCTS_DIR; };
		B20E596B227C3A8F00D53AA7 /* AppDelegate.swift */ = {isa = PBXFileReference; lastKnownFileType = sourcecode.swift; path = AppDelegate.swift; sourceTree = "<group>"; };
		B20E5970227C3A8F00D53AA7 /* Base */ = {isa = PBXFileReference; lastKnownFileType = file.storyboard; name = Base; path = Base.lproj/Main.storyboard; sourceTree = "<group>"; };
		B20E5972227C3A9000D53AA7 /* Assets.xcassets */ = {isa = PBXFileReference; lastKnownFileType = folder.assetcatalog; path = Assets.xcassets; sourceTree = "<group>"; };
		B20E5975227C3A9000D53AA7 /* Base */ = {isa = PBXFileReference; lastKnownFileType = file.storyboard; name = Base; path = Base.lproj/LaunchScreen.storyboard; sourceTree = "<group>"; };
		B20E5977227C3A9000D53AA7 /* Info.plist */ = {isa = PBXFileReference; lastKnownFileType = text.plist.xml; path = Info.plist; sourceTree = "<group>"; };
		B20E597F227C3B8B00D53AA7 /* MainScreenController.swift */ = {isa = PBXFileReference; lastKnownFileType = sourcecode.swift; path = MainScreenController.swift; sourceTree = "<group>"; };
		B20E5981227C4F5D00D53AA7 /* CanvasView.swift */ = {isa = PBXFileReference; lastKnownFileType = sourcecode.swift; path = CanvasView.swift; sourceTree = "<group>"; };
		B21593672292D58800C101CB /* ItemCollectionViewCell.swift */ = {isa = PBXFileReference; lastKnownFileType = sourcecode.swift; path = ItemCollectionViewCell.swift; sourceTree = "<group>"; };
		B21E3E8F22859D50006E7B78 /* AudioScreenController.swift */ = {isa = PBXFileReference; lastKnownFileType = sourcecode.swift; path = AudioScreenController.swift; sourceTree = "<group>"; };
		B239F91C227EBCCA004EF513 /* Pencil.swift */ = {isa = PBXFileReference; lastKnownFileType = sourcecode.swift; path = Pencil.swift; sourceTree = "<group>"; };
		B239F91E227EC86D004EF513 /* StrokeSelectorView.swift */ = {isa = PBXFileReference; lastKnownFileType = sourcecode.swift; path = StrokeSelectorView.swift; sourceTree = "<group>"; };
		B25A09B6227D98C200E41356 /* ColorSelectorViewController.swift */ = {isa = PBXFileReference; lastKnownFileType = sourcecode.swift; path = ColorSelectorViewController.swift; sourceTree = "<group>"; };
		B26C4D14229693ED00DB5132 /* Picture+CoreDataClass.swift */ = {isa = PBXFileReference; lastKnownFileType = sourcecode.swift; path = "Picture+CoreDataClass.swift"; sourceTree = "<group>"; };
		B26C4D15229693ED00DB5132 /* Picture+CoreDataProperties.swift */ = {isa = PBXFileReference; lastKnownFileType = sourcecode.swift; path = "Picture+CoreDataProperties.swift"; sourceTree = "<group>"; };
		B28CD9DA228EE54600FBD512 /* ListAnimationsVC.swift */ = {isa = PBXFileReference; lastKnownFileType = sourcecode.swift; path = ListAnimationsVC.swift; sourceTree = "<group>"; };
		B28CD9DC228EEF2800FBD512 /* ListAnimationCollectionView.swift */ = {isa = PBXFileReference; lastKnownFileType = sourcecode.swift; path = ListAnimationCollectionView.swift; sourceTree = "<group>"; };
		B2CE74AA22957AAD0085FF2E /* AstronomyPictures.xcdatamodel */ = {isa = PBXFileReference; lastKnownFileType = wrapper.xcdatamodel; path = AstronomyPictures.xcdatamodel; sourceTree = "<group>"; };
		B2CE74B122957D790085FF2E /* NetworkUtils.swift */ = {isa = PBXFileReference; lastKnownFileType = sourcecode.swift; path = NetworkUtils.swift; sourceTree = "<group>"; };
		B2CE74B3229583840085FF2E /* PicturesViewModel.swift */ = {isa = PBXFileReference; lastKnownFileType = sourcecode.swift; path = PicturesViewModel.swift; sourceTree = "<group>"; };
		B2CE74BD22966D590085FF2E /* PicturesModel.swift */ = {isa = PBXFileReference; lastKnownFileType = sourcecode.swift; path = PicturesModel.swift; sourceTree = "<group>"; };
		B2D54C78228AD162004E0AB0 /* GameLoopVC.swift */ = {isa = PBXFileReference; lastKnownFileType = sourcecode.swift; path = GameLoopVC.swift; sourceTree = "<group>"; };
/* End PBXFileReference section */

/* Begin PBXFrameworksBuildPhase section */
		B20E5965227C3A8F00D53AA7 /* Frameworks */ = {
			isa = PBXFrameworksBuildPhase;
			buildActionMask = 2147483647;
			files = (
				D0ACED3ECD46DA0D0BA0D164 /* Pods_DrawingApp.framework in Frameworks */,
			);
			runOnlyForDeploymentPostprocessing = 0;
		};
/* End PBXFrameworksBuildPhase section */

/* Begin PBXGroup section */
		43739B8295135EF58CF860AB /* Pods */ = {
			isa = PBXGroup;
			children = (
				AA62787271DBE5C46EBC64C4 /* Pods-DrawingApp.debug.xcconfig */,
				464FD1E8AC14D9575D045D11 /* Pods-DrawingApp.release.xcconfig */,
			);
			path = Pods;
			sourceTree = "<group>";
		};
		B19020F338495EE4CB6485D5 /* Frameworks */ = {
			isa = PBXGroup;
			children = (
				291572A784B85D5D79DB2C0A /* Pods_DrawingApp.framework */,
			);
			name = Frameworks;
			sourceTree = "<group>";
		};
		B20E595F227C3A8F00D53AA7 = {
			isa = PBXGroup;
			children = (
				B20E596A227C3A8F00D53AA7 /* DrawingApp */,
				B19020F338495EE4CB6485D5 /* Frameworks */,
				43739B8295135EF58CF860AB /* Pods */,
				B20E5969227C3A8F00D53AA7 /* Products */,
			);
			sourceTree = "<group>";
		};
		B20E5969227C3A8F00D53AA7 /* Products */ = {
			isa = PBXGroup;
			children = (
				B20E5968227C3A8F00D53AA7 /* DrawingApp.app */,
			);
			name = Products;
			sourceTree = "<group>";
		};
		B20E596A227C3A8F00D53AA7 /* DrawingApp */ = {
			isa = PBXGroup;
			children = (
				B2CE74B72296464E0085FF2E /* AppDelegate */,
				B2CE74AF22957BF50085FF2E /* Models */,
				B2CE74B8229646620085FF2E /* Resources */,
				B2CE74BC22966D0D0085FF2E /* Utilities */,
				B2CE74B92296593A0085FF2E /* ViewModels */,
				B2CE74AE22957BEE0085FF2E /* Views */,
				B21E3E8F22859D50006E7B78 /* AudioScreenController.swift */,
				B20E5981227C4F5D00D53AA7 /* CanvasView.swift */,
				B25A09B6227D98C200E41356 /* ColorSelectorViewController.swift */,
				1D0339A1228D815900B78EEA /* GameLoopHandler.swift */,
				B2D54C78228AD162004E0AB0 /* GameLoopVC.swift */,
				B20E597F227C3B8B00D53AA7 /* MainScreenController.swift */,
				B239F91C227EBCCA004EF513 /* Pencil.swift */,
				B239F91E227EC86D004EF513 /* StrokeSelectorView.swift */,
			);
			path = DrawingApp;
			sourceTree = "<group>";
		};
		B2CE74AE22957BEE0085FF2E /* Views */ = {
			isa = PBXGroup;
			children = (
				B21593672292D58800C101CB /* ItemCollectionViewCell.swift */,
				B20E5974227C3A9000D53AA7 /* LaunchScreen.storyboard */,
				B28CD9DC228EEF2800FBD512 /* ListAnimationCollectionView.swift */,
				B28CD9DA228EE54600FBD512 /* ListAnimationsVC.swift */,
				B20E596F227C3A8F00D53AA7 /* Main.storyboard */,
			);
			path = Views;
			sourceTree = "<group>";
		};
		B2CE74AF22957BF50085FF2E /* Models */ = {
			isa = PBXGroup;
			children = (
				B26C4D14229693ED00DB5132 /* Picture+CoreDataClass.swift */,
				B26C4D15229693ED00DB5132 /* Picture+CoreDataProperties.swift */,
				B2CE74A922957AAD0085FF2E /* AstronomyPictures.xcdatamodeld */,
				B2CE74BD22966D590085FF2E /* PicturesModel.swift */,
				1D17992B2296760F00FC04F3 /* APODApi.swift */,
				1D17992D229677DF00FC04F3 /* APODPicture.swift */,
			);
			path = Models;
			sourceTree = "<group>";
		};
		B2CE74B72296464E0085FF2E /* AppDelegate */ = {
			isa = PBXGroup;
			children = (
				B20E596B227C3A8F00D53AA7 /* AppDelegate.swift */,
			);
			path = AppDelegate;
			sourceTree = "<group>";
		};
		B2CE74B8229646620085FF2E /* Resources */ = {
			isa = PBXGroup;
			children = (
				B20E5972227C3A9000D53AA7 /* Assets.xcassets */,
				B20E5977227C3A9000D53AA7 /* Info.plist */,
			);
			path = Resources;
			sourceTree = "<group>";
		};
		B2CE74B92296593A0085FF2E /* ViewModels */ = {
			isa = PBXGroup;
			children = (
				B2CE74B3229583840085FF2E /* PicturesViewModel.swift */,
			);
			path = ViewModels;
			sourceTree = "<group>";
		};
		B2CE74BC22966D0D0085FF2E /* Utilities */ = {
			isa = PBXGroup;
			children = (
				B2CE74B122957D790085FF2E /* NetworkUtils.swift */,
				1D17992F2296886D00FC04F3 /* Result.swift */,
			);
			path = Utilities;
			sourceTree = "<group>";
		};
/* End PBXGroup section */

/* Begin PBXNativeTarget section */
		B20E5967227C3A8F00D53AA7 /* DrawingApp */ = {
			isa = PBXNativeTarget;
			buildConfigurationList = B20E597A227C3A9000D53AA7 /* Build configuration list for PBXNativeTarget "DrawingApp" */;
			buildPhases = (
				75616F9279196624BB6B7570 /* [CP] Check Pods Manifest.lock */,
				B20E5964227C3A8F00D53AA7 /* Sources */,
				B20E5965227C3A8F00D53AA7 /* Frameworks */,
				B20E5966227C3A8F00D53AA7 /* Resources */,
				116EAD7D9C0CA66E40C0FD04 /* [CP] Embed Pods Frameworks */,
			);
			buildRules = (
			);
			dependencies = (
			);
			name = DrawingApp;
			productName = DrawingApp;
			productReference = B20E5968227C3A8F00D53AA7 /* DrawingApp.app */;
			productType = "com.apple.product-type.application";
		};
/* End PBXNativeTarget section */

/* Begin PBXProject section */
		B20E5960227C3A8F00D53AA7 /* Project object */ = {
			isa = PBXProject;
			attributes = {
				LastSwiftUpdateCheck = 1020;
				LastUpgradeCheck = 1020;
				ORGANIZATIONNAME = Imtiaz;
				TargetAttributes = {
					B20E5967227C3A8F00D53AA7 = {
						CreatedOnToolsVersion = 10.2.1;
					};
				};
			};
			buildConfigurationList = B20E5963227C3A8F00D53AA7 /* Build configuration list for PBXProject "DrawingApp" */;
			compatibilityVersion = "Xcode 9.3";
			developmentRegion = en;
			hasScannedForEncodings = 0;
			knownRegions = (
				en,
				Base,
			);
			mainGroup = B20E595F227C3A8F00D53AA7;
			productRefGroup = B20E5969227C3A8F00D53AA7 /* Products */;
			projectDirPath = "";
			projectRoot = "";
			targets = (
				B20E5967227C3A8F00D53AA7 /* DrawingApp */,
			);
		};
/* End PBXProject section */

/* Begin PBXResourcesBuildPhase section */
		B20E5966227C3A8F00D53AA7 /* Resources */ = {
			isa = PBXResourcesBuildPhase;
			buildActionMask = 2147483647;
			files = (
				B20E5976227C3A9000D53AA7 /* LaunchScreen.storyboard in Resources */,
				B20E5973227C3A9000D53AA7 /* Assets.xcassets in Resources */,
				B20E5971227C3A8F00D53AA7 /* Main.storyboard in Resources */,
			);
			runOnlyForDeploymentPostprocessing = 0;
		};
/* End PBXResourcesBuildPhase section */

/* Begin PBXShellScriptBuildPhase section */
		116EAD7D9C0CA66E40C0FD04 /* [CP] Embed Pods Frameworks */ = {
			isa = PBXShellScriptBuildPhase;
			buildActionMask = 2147483647;
			files = (
			);
			inputFileListPaths = (
			);
			inputPaths = (
				"${PODS_ROOT}/Target Support Files/Pods-DrawingApp/Pods-DrawingApp-frameworks.sh",
				"${BUILT_PRODUCTS_DIR}/Alamofire/Alamofire.framework",
				"${BUILT_PRODUCTS_DIR}/RxAlamofire/RxAlamofire.framework",
				"${BUILT_PRODUCTS_DIR}/RxCocoa/RxCocoa.framework",
				"${BUILT_PRODUCTS_DIR}/RxRelay/RxRelay.framework",
				"${BUILT_PRODUCTS_DIR}/RxSwift/RxSwift.framework",
				"${BUILT_PRODUCTS_DIR}/SDWebImage/SDWebImage.framework",
				"${BUILT_PRODUCTS_DIR}/SteviaLayout/Stevia.framework",
				"${BUILT_PRODUCTS_DIR}/SwiftyJSON/SwiftyJSON.framework",
			);
			name = "[CP] Embed Pods Frameworks";
			outputFileListPaths = (
			);
			outputPaths = (
				"${TARGET_BUILD_DIR}/${FRAMEWORKS_FOLDER_PATH}/Alamofire.framework",
				"${TARGET_BUILD_DIR}/${FRAMEWORKS_FOLDER_PATH}/RxAlamofire.framework",
				"${TARGET_BUILD_DIR}/${FRAMEWORKS_FOLDER_PATH}/RxCocoa.framework",
				"${TARGET_BUILD_DIR}/${FRAMEWORKS_FOLDER_PATH}/RxRelay.framework",
				"${TARGET_BUILD_DIR}/${FRAMEWORKS_FOLDER_PATH}/RxSwift.framework",
				"${TARGET_BUILD_DIR}/${FRAMEWORKS_FOLDER_PATH}/SDWebImage.framework",
				"${TARGET_BUILD_DIR}/${FRAMEWORKS_FOLDER_PATH}/Stevia.framework",
				"${TARGET_BUILD_DIR}/${FRAMEWORKS_FOLDER_PATH}/SwiftyJSON.framework",
			);
			runOnlyForDeploymentPostprocessing = 0;
			shellPath = /bin/sh;
			shellScript = "\"${PODS_ROOT}/Target Support Files/Pods-DrawingApp/Pods-DrawingApp-frameworks.sh\"\n";
			showEnvVarsInLog = 0;
		};
		75616F9279196624BB6B7570 /* [CP] Check Pods Manifest.lock */ = {
			isa = PBXShellScriptBuildPhase;
			buildActionMask = 2147483647;
			files = (
			);
			inputFileListPaths = (
			);
			inputPaths = (
				"${PODS_PODFILE_DIR_PATH}/Podfile.lock",
				"${PODS_ROOT}/Manifest.lock",
			);
			name = "[CP] Check Pods Manifest.lock";
			outputFileListPaths = (
			);
			outputPaths = (
				"$(DERIVED_FILE_DIR)/Pods-DrawingApp-checkManifestLockResult.txt",
			);
			runOnlyForDeploymentPostprocessing = 0;
			shellPath = /bin/sh;
			shellScript = "diff \"${PODS_PODFILE_DIR_PATH}/Podfile.lock\" \"${PODS_ROOT}/Manifest.lock\" > /dev/null\nif [ $? != 0 ] ; then\n    # print error to STDERR\n    echo \"error: The sandbox is not in sync with the Podfile.lock. Run 'pod install' or update your CocoaPods installation.\" >&2\n    exit 1\nfi\n# This output is used by Xcode 'outputs' to avoid re-running this script phase.\necho \"SUCCESS\" > \"${SCRIPT_OUTPUT_FILE_0}\"\n";
			showEnvVarsInLog = 0;
		};
/* End PBXShellScriptBuildPhase section */

/* Begin PBXSourcesBuildPhase section */
		B20E5964227C3A8F00D53AA7 /* Sources */ = {
			isa = PBXSourcesBuildPhase;
			buildActionMask = 2147483647;
			files = (
				B26C4D17229693ED00DB5132 /* Picture+CoreDataProperties.swift in Sources */,
				B2CE74BE22966D590085FF2E /* PicturesModel.swift in Sources */,
				B2D54C79228AD162004E0AB0 /* GameLoopVC.swift in Sources */,
				B2CE74AC22957AFD0085FF2E /* AstronomyPictures.xcdatamodeld in Sources */,
				1D17992E229677DF00FC04F3 /* APODPicture.swift in Sources */,
				B2CE74B4229583840085FF2E /* PicturesViewModel.swift in Sources */,
				B28CD9DD228EEF2800FBD512 /* ListAnimationCollectionView.swift in Sources */,
				B28CD9DB228EE54600FBD512 /* ListAnimationsVC.swift in Sources */,
				B20E596C227C3A8F00D53AA7 /* AppDelegate.swift in Sources */,
				B25A09B7227D98C200E41356 /* ColorSelectorViewController.swift in Sources */,
				B2CE74B222957D790085FF2E /* NetworkUtils.swift in Sources */,
				B20E5980227C3B8B00D53AA7 /* MainScreenController.swift in Sources */,
				B239F91D227EBCCA004EF513 /* Pencil.swift in Sources */,
				B20E5982227C4F5D00D53AA7 /* CanvasView.swift in Sources */,
				B21E3E9022859D50006E7B78 /* AudioScreenController.swift in Sources */,
				B239F91F227EC86D004EF513 /* StrokeSelectorView.swift in Sources */,
				1D0339A2228D815900B78EEA /* GameLoopHandler.swift in Sources */,
				1D1799302296886D00FC04F3 /* Result.swift in Sources */,
				1D17992C2296760F00FC04F3 /* APODApi.swift in Sources */,
				B26C4D16229693ED00DB5132 /* Picture+CoreDataClass.swift in Sources */,
				B21593682292D58800C101CB /* ItemCollectionViewCell.swift in Sources */,
			);
			runOnlyForDeploymentPostprocessing = 0;
		};
/* End PBXSourcesBuildPhase section */

/* Begin PBXVariantGroup section */
		B20E596F227C3A8F00D53AA7 /* Main.storyboard */ = {
			isa = PBXVariantGroup;
			children = (
				B20E5970227C3A8F00D53AA7 /* Base */,
			);
			name = Main.storyboard;
			path = .;
			sourceTree = "<group>";
		};
		B20E5974227C3A9000D53AA7 /* LaunchScreen.storyboard */ = {
			isa = PBXVariantGroup;
			children = (
				B20E5975227C3A9000D53AA7 /* Base */,
			);
			name = LaunchScreen.storyboard;
			path = .;
			sourceTree = "<group>";
		};
/* End PBXVariantGroup section */

/* Begin XCBuildConfiguration section */
		B20E5978227C3A9000D53AA7 /* Debug */ = {
			isa = XCBuildConfiguration;
			buildSettings = {
				ALWAYS_SEARCH_USER_PATHS = NO;
				CLANG_ANALYZER_NONNULL = YES;
				CLANG_ANALYZER_NUMBER_OBJECT_CONVERSION = YES_AGGRESSIVE;
				CLANG_CXX_LANGUAGE_STANDARD = "gnu++14";
				CLANG_CXX_LIBRARY = "libc++";
				CLANG_ENABLE_MODULES = YES;
				CLANG_ENABLE_OBJC_ARC = YES;
				CLANG_ENABLE_OBJC_WEAK = YES;
				CLANG_WARN_BLOCK_CAPTURE_AUTORELEASING = YES;
				CLANG_WARN_BOOL_CONVERSION = YES;
				CLANG_WARN_COMMA = YES;
				CLANG_WARN_CONSTANT_CONVERSION = YES;
				CLANG_WARN_DEPRECATED_OBJC_IMPLEMENTATIONS = YES;
				CLANG_WARN_DIRECT_OBJC_ISA_USAGE = YES_ERROR;
				CLANG_WARN_DOCUMENTATION_COMMENTS = YES;
				CLANG_WARN_EMPTY_BODY = YES;
				CLANG_WARN_ENUM_CONVERSION = YES;
				CLANG_WARN_INFINITE_RECURSION = YES;
				CLANG_WARN_INT_CONVERSION = YES;
				CLANG_WARN_NON_LITERAL_NULL_CONVERSION = YES;
				CLANG_WARN_OBJC_IMPLICIT_RETAIN_SELF = YES;
				CLANG_WARN_OBJC_LITERAL_CONVERSION = YES;
				CLANG_WARN_OBJC_ROOT_CLASS = YES_ERROR;
				CLANG_WARN_RANGE_LOOP_ANALYSIS = YES;
				CLANG_WARN_STRICT_PROTOTYPES = YES;
				CLANG_WARN_SUSPICIOUS_MOVE = YES;
				CLANG_WARN_UNGUARDED_AVAILABILITY = YES_AGGRESSIVE;
				CLANG_WARN_UNREACHABLE_CODE = YES;
				CLANG_WARN__DUPLICATE_METHOD_MATCH = YES;
				CODE_SIGN_IDENTITY = "iPhone Developer";
				COPY_PHASE_STRIP = NO;
				DEBUG_INFORMATION_FORMAT = dwarf;
				ENABLE_STRICT_OBJC_MSGSEND = YES;
				ENABLE_TESTABILITY = YES;
				GCC_C_LANGUAGE_STANDARD = gnu11;
				GCC_DYNAMIC_NO_PIC = NO;
				GCC_NO_COMMON_BLOCKS = YES;
				GCC_OPTIMIZATION_LEVEL = 0;
				GCC_PREPROCESSOR_DEFINITIONS = (
					"DEBUG=1",
					"$(inherited)",
				);
				GCC_WARN_64_TO_32_BIT_CONVERSION = YES;
				GCC_WARN_ABOUT_RETURN_TYPE = YES_ERROR;
				GCC_WARN_UNDECLARED_SELECTOR = YES;
				GCC_WARN_UNINITIALIZED_AUTOS = YES_AGGRESSIVE;
				GCC_WARN_UNUSED_FUNCTION = YES;
				GCC_WARN_UNUSED_VARIABLE = YES;
				IPHONEOS_DEPLOYMENT_TARGET = 12.2;
				MTL_ENABLE_DEBUG_INFO = INCLUDE_SOURCE;
				MTL_FAST_MATH = YES;
				ONLY_ACTIVE_ARCH = YES;
				SDKROOT = iphoneos;
				SWIFT_ACTIVE_COMPILATION_CONDITIONS = DEBUG;
				SWIFT_OPTIMIZATION_LEVEL = "-Onone";
			};
			name = Debug;
		};
		B20E5979227C3A9000D53AA7 /* Release */ = {
			isa = XCBuildConfiguration;
			buildSettings = {
				ALWAYS_SEARCH_USER_PATHS = NO;
				CLANG_ANALYZER_NONNULL = YES;
				CLANG_ANALYZER_NUMBER_OBJECT_CONVERSION = YES_AGGRESSIVE;
				CLANG_CXX_LANGUAGE_STANDARD = "gnu++14";
				CLANG_CXX_LIBRARY = "libc++";
				CLANG_ENABLE_MODULES = YES;
				CLANG_ENABLE_OBJC_ARC = YES;
				CLANG_ENABLE_OBJC_WEAK = YES;
				CLANG_WARN_BLOCK_CAPTURE_AUTORELEASING = YES;
				CLANG_WARN_BOOL_CONVERSION = YES;
				CLANG_WARN_COMMA = YES;
				CLANG_WARN_CONSTANT_CONVERSION = YES;
				CLANG_WARN_DEPRECATED_OBJC_IMPLEMENTATIONS = YES;
				CLANG_WARN_DIRECT_OBJC_ISA_USAGE = YES_ERROR;
				CLANG_WARN_DOCUMENTATION_COMMENTS = YES;
				CLANG_WARN_EMPTY_BODY = YES;
				CLANG_WARN_ENUM_CONVERSION = YES;
				CLANG_WARN_INFINITE_RECURSION = YES;
				CLANG_WARN_INT_CONVERSION = YES;
				CLANG_WARN_NON_LITERAL_NULL_CONVERSION = YES;
				CLANG_WARN_OBJC_IMPLICIT_RETAIN_SELF = YES;
				CLANG_WARN_OBJC_LITERAL_CONVERSION = YES;
				CLANG_WARN_OBJC_ROOT_CLASS = YES_ERROR;
				CLANG_WARN_RANGE_LOOP_ANALYSIS = YES;
				CLANG_WARN_STRICT_PROTOTYPES = YES;
				CLANG_WARN_SUSPICIOUS_MOVE = YES;
				CLANG_WARN_UNGUARDED_AVAILABILITY = YES_AGGRESSIVE;
				CLANG_WARN_UNREACHABLE_CODE = YES;
				CLANG_WARN__DUPLICATE_METHOD_MATCH = YES;
				CODE_SIGN_IDENTITY = "iPhone Developer";
				COPY_PHASE_STRIP = NO;
				DEBUG_INFORMATION_FORMAT = "dwarf-with-dsym";
				ENABLE_NS_ASSERTIONS = NO;
				ENABLE_STRICT_OBJC_MSGSEND = YES;
				GCC_C_LANGUAGE_STANDARD = gnu11;
				GCC_NO_COMMON_BLOCKS = YES;
				GCC_WARN_64_TO_32_BIT_CONVERSION = YES;
				GCC_WARN_ABOUT_RETURN_TYPE = YES_ERROR;
				GCC_WARN_UNDECLARED_SELECTOR = YES;
				GCC_WARN_UNINITIALIZED_AUTOS = YES_AGGRESSIVE;
				GCC_WARN_UNUSED_FUNCTION = YES;
				GCC_WARN_UNUSED_VARIABLE = YES;
				IPHONEOS_DEPLOYMENT_TARGET = 12.2;
				MTL_ENABLE_DEBUG_INFO = NO;
				MTL_FAST_MATH = YES;
				SDKROOT = iphoneos;
				SWIFT_COMPILATION_MODE = wholemodule;
				SWIFT_OPTIMIZATION_LEVEL = "-O";
				VALIDATE_PRODUCT = YES;
			};
			name = Release;
		};
		B20E597B227C3A9000D53AA7 /* Debug */ = {
			isa = XCBuildConfiguration;
			baseConfigurationReference = AA62787271DBE5C46EBC64C4 /* Pods-DrawingApp.debug.xcconfig */;
			buildSettings = {
				ASSETCATALOG_COMPILER_APPICON_NAME = AppIcon;
				CODE_SIGN_STYLE = Automatic;
				DEVELOPMENT_TEAM = W8R9LM7883;
				INFOPLIST_FILE = "$(SRCROOT)/DrawingApp/Resources/Info.plist";
				LD_RUNPATH_SEARCH_PATHS = (
					"$(inherited)",
					"@executable_path/Frameworks",
				);
				PRODUCT_BUNDLE_IDENTIFIER = com.Imtiaz.DrawingApp;
				PRODUCT_NAME = "$(TARGET_NAME)";
				SWIFT_VERSION = 5.0;
				TARGETED_DEVICE_FAMILY = "1,2";
			};
			name = Debug;
		};
		B20E597C227C3A9000D53AA7 /* Release */ = {
			isa = XCBuildConfiguration;
			baseConfigurationReference = 464FD1E8AC14D9575D045D11 /* Pods-DrawingApp.release.xcconfig */;
			buildSettings = {
				ASSETCATALOG_COMPILER_APPICON_NAME = AppIcon;
				CODE_SIGN_STYLE = Automatic;
				DEVELOPMENT_TEAM = W8R9LM7883;
				INFOPLIST_FILE = "$(SRCROOT)/DrawingApp/Resources/Info.plist";
				LD_RUNPATH_SEARCH_PATHS = (
					"$(inherited)",
					"@executable_path/Frameworks",
				);
				PRODUCT_BUNDLE_IDENTIFIER = com.Imtiaz.DrawingApp;
				PRODUCT_NAME = "$(TARGET_NAME)";
				SWIFT_VERSION = 5.0;
				TARGETED_DEVICE_FAMILY = "1,2";
			};
			name = Release;
		};
/* End XCBuildConfiguration section */

/* Begin XCConfigurationList section */
		B20E5963227C3A8F00D53AA7 /* Build configuration list for PBXProject "DrawingApp" */ = {
			isa = XCConfigurationList;
			buildConfigurations = (
				B20E5978227C3A9000D53AA7 /* Debug */,
				B20E5979227C3A9000D53AA7 /* Release */,
			);
			defaultConfigurationIsVisible = 0;
			defaultConfigurationName = Release;
		};
		B20E597A227C3A9000D53AA7 /* Build configuration list for PBXNativeTarget "DrawingApp" */ = {
			isa = XCConfigurationList;
			buildConfigurations = (
				B20E597B227C3A9000D53AA7 /* Debug */,
				B20E597C227C3A9000D53AA7 /* Release */,
			);
			defaultConfigurationIsVisible = 0;
			defaultConfigurationName = Release;
		};
/* End XCConfigurationList section */

/* Begin XCVersionGroup section */
		B2CE74A922957AAD0085FF2E /* AstronomyPictures.xcdatamodeld */ = {
			isa = XCVersionGroup;
			children = (
				B2CE74AA22957AAD0085FF2E /* AstronomyPictures.xcdatamodel */,
			);
			currentVersion = B2CE74AA22957AAD0085FF2E /* AstronomyPictures.xcdatamodel */;
			path = AstronomyPictures.xcdatamodeld;
			sourceTree = "<group>";
			versionGroupType = wrapper.xcdatamodel;
		};
/* End XCVersionGroup section */
	};
	rootObject = B20E5960227C3A8F00D53AA7 /* Project object */;
}
